// !$*UTF8*$!
{
	archiveVersion = 1;
	classes = {
	};
	objectVersion = 50;
	objects = {

/* Begin PBXBuildFile section */
		FC470AF7246BFD8F00F73B81 /* Images.xcassets in Resources */ = {isa = PBXBuildFile; fileRef = FC470AF6246BFD8F00F73B81 /* Images.xcassets */; };
		FC470AF9246C0AC000F73B81 /* Delm-Medium.otf in Resources */ = {isa = PBXBuildFile; fileRef = FC470AF8246C0AC000F73B81 /* Delm-Medium.otf */; };
		FC470AFB246C0AC900F73B81 /* ThirstySoftRegular.otf in Resources */ = {isa = PBXBuildFile; fileRef = FC470AFA246C0AC900F73B81 /* ThirstySoftRegular.otf */; };
		FC78893624AA277E000BA9D9 /* UIView+tranformeToImage.swift in Sources */ = {isa = PBXBuildFile; fileRef = FC78893524AA277E000BA9D9 /* UIView+tranformeToImage.swift */; };
		FCC0B5C22451C686002FFCF9 /* AppDelegate.swift in Sources */ = {isa = PBXBuildFile; fileRef = FCC0B5C12451C686002FFCF9 /* AppDelegate.swift */; };
		FCC0B5C42451C686002FFCF9 /* SceneDelegate.swift in Sources */ = {isa = PBXBuildFile; fileRef = FCC0B5C32451C686002FFCF9 /* SceneDelegate.swift */; };
		FCC0B5C62451C686002FFCF9 /* ViewController.swift in Sources */ = {isa = PBXBuildFile; fileRef = FCC0B5C52451C686002FFCF9 /* ViewController.swift */; };
		FCC0B5C92451C686002FFCF9 /* Main.storyboard in Resources */ = {isa = PBXBuildFile; fileRef = FCC0B5C72451C686002FFCF9 /* Main.storyboard */; };
		FCC0B5CE2451C688002FFCF9 /* LaunchScreen.storyboard in Resources */ = {isa = PBXBuildFile; fileRef = FCC0B5CC2451C688002FFCF9 /* LaunchScreen.storyboard */; };
/* End PBXBuildFile section */

/* Begin PBXFileReference section */
		FC470AF6246BFD8F00F73B81 /* Images.xcassets */ = {isa = PBXFileReference; lastKnownFileType = folder.assetcatalog; path = Images.xcassets; sourceTree = "<group>"; };
		FC470AF8246C0AC000F73B81 /* Delm-Medium.otf */ = {isa = PBXFileReference; lastKnownFileType = file; path = "Delm-Medium.otf"; sourceTree = "<group>"; };
		FC470AFA246C0AC900F73B81 /* ThirstySoftRegular.otf */ = {isa = PBXFileReference; lastKnownFileType = file; path = ThirstySoftRegular.otf; sourceTree = "<group>"; };
		FC78893524AA277E000BA9D9 /* UIView+tranformeToImage.swift */ = {isa = PBXFileReference; lastKnownFileType = sourcecode.swift; path = "UIView+tranformeToImage.swift"; sourceTree = "<group>"; };
		FCC0B5BE2451C686002FFCF9 /* Instagrid.app */ = {isa = PBXFileReference; explicitFileType = wrapper.application; includeInIndex = 0; path = Instagrid.app; sourceTree = BUILT_PRODUCTS_DIR; };
		FCC0B5C12451C686002FFCF9 /* AppDelegate.swift */ = {isa = PBXFileReference; lastKnownFileType = sourcecode.swift; path = AppDelegate.swift; sourceTree = "<group>"; };
		FCC0B5C32451C686002FFCF9 /* SceneDelegate.swift */ = {isa = PBXFileReference; lastKnownFileType = sourcecode.swift; path = SceneDelegate.swift; sourceTree = "<group>"; };
		FCC0B5C52451C686002FFCF9 /* ViewController.swift */ = {isa = PBXFileReference; lastKnownFileType = sourcecode.swift; path = ViewController.swift; sourceTree = "<group>"; };
		FCC0B5C82451C686002FFCF9 /* Base */ = {isa = PBXFileReference; lastKnownFileType = file.storyboard; name = Base; path = Base.lproj/Main.storyboard; sourceTree = "<group>"; };
		FCC0B5CD2451C688002FFCF9 /* Base */ = {isa = PBXFileReference; lastKnownFileType = file.storyboard; name = Base; path = Base.lproj/LaunchScreen.storyboard; sourceTree = "<group>"; };
		FCC0B5CF2451C688002FFCF9 /* Info.plist */ = {isa = PBXFileReference; lastKnownFileType = text.plist.xml; path = Info.plist; sourceTree = "<group>"; };
/* End PBXFileReference section */

/* Begin PBXFrameworksBuildPhase section */
		FCC0B5BB2451C686002FFCF9 /* Frameworks */ = {
			isa = PBXFrameworksBuildPhase;
			buildActionMask = 2147483647;
			files = (
			);
			runOnlyForDeploymentPostprocessing = 0;
		};
/* End PBXFrameworksBuildPhase section */

/* Begin PBXGroup section */
		FC78893724AA28AF000BA9D9 /* Controller */ = {
			isa = PBXGroup;
			children = (
				FCC0B5C52451C686002FFCF9 /* ViewController.swift */,
			);
			path = Controller;
			sourceTree = "<group>";
		};
		FC78893824AA28C7000BA9D9 /* View */ = {
			isa = PBXGroup;
			children = (
				FCC0B5C72451C686002FFCF9 /* Main.storyboard */,
			);
			path = View;
			sourceTree = "<group>";
		};
		FC78893924AA28DE000BA9D9 /* Extensions */ = {
			isa = PBXGroup;
			children = (
				FC78893524AA277E000BA9D9 /* UIView+tranformeToImage.swift */,
			);
			path = Extensions;
			sourceTree = "<group>";
		};
		FC78893A24AA2901000BA9D9 /* Supporting files */ = {
			isa = PBXGroup;
			children = (
				FCC0B5C12451C686002FFCF9 /* AppDelegate.swift */,
				FCC0B5C32451C686002FFCF9 /* SceneDelegate.swift */,
				FC470AF8246C0AC000F73B81 /* Delm-Medium.otf */,
				FC470AFA246C0AC900F73B81 /* ThirstySoftRegular.otf */,
				FC470AF6246BFD8F00F73B81 /* Images.xcassets */,
				FCC0B5CC2451C688002FFCF9 /* LaunchScreen.storyboard */,
				FCC0B5CF2451C688002FFCF9 /* Info.plist */,
			);
			path = "Supporting files";
			sourceTree = "<group>";
		};
		FCC0B5B52451C686002FFCF9 = {
			isa = PBXGroup;
			children = (
				FCC0B5C02451C686002FFCF9 /* Instagrid */,
				FCC0B5BF2451C686002FFCF9 /* Products */,
			);
			sourceTree = "<group>";
		};
		FCC0B5BF2451C686002FFCF9 /* Products */ = {
			isa = PBXGroup;
			children = (
				FCC0B5BE2451C686002FFCF9 /* Instagrid.app */,
			);
			name = Products;
			sourceTree = "<group>";
		};
		FCC0B5C02451C686002FFCF9 /* Instagrid */ = {
			isa = PBXGroup;
			children = (
				FC78893A24AA2901000BA9D9 /* Supporting files */,
				FC78893924AA28DE000BA9D9 /* Extensions */,
				FC78893824AA28C7000BA9D9 /* View */,
				FC78893724AA28AF000BA9D9 /* Controller */,
			);
			path = Instagrid;
			sourceTree = "<group>";
		};
/* End PBXGroup section */

/* Begin PBXNativeTarget section */
		FCC0B5BD2451C686002FFCF9 /* Instagrid */ = {
			isa = PBXNativeTarget;
			buildConfigurationList = FCC0B5D22451C688002FFCF9 /* Build configuration list for PBXNativeTarget "Instagrid" */;
			buildPhases = (
				FCC0B5BA2451C686002FFCF9 /* Sources */,
				FCC0B5BB2451C686002FFCF9 /* Frameworks */,
				FCC0B5BC2451C686002FFCF9 /* Resources */,
			);
			buildRules = (
			);
			dependencies = (
			);
			name = Instagrid;
			productName = Instagrid;
			productReference = FCC0B5BE2451C686002FFCF9 /* Instagrid.app */;
			productType = "com.apple.product-type.application";
		};
/* End PBXNativeTarget section */

/* Begin PBXProject section */
		FCC0B5B62451C686002FFCF9 /* Project object */ = {
			isa = PBXProject;
			attributes = {
				LastSwiftUpdateCheck = 1120;
				LastUpgradeCheck = 1120;
				ORGANIZATIONNAME = "Marine Bernard";
				TargetAttributes = {
					FCC0B5BD2451C686002FFCF9 = {
						CreatedOnToolsVersion = 11.2.1;
					};
				};
			};
			buildConfigurationList = FCC0B5B92451C686002FFCF9 /* Build configuration list for PBXProject "Instagrid" */;
			compatibilityVersion = "Xcode 9.3";
			developmentRegion = en;
			hasScannedForEncodings = 0;
			knownRegions = (
				en,
				Base,
			);
			mainGroup = FCC0B5B52451C686002FFCF9;
			productRefGroup = FCC0B5BF2451C686002FFCF9 /* Products */;
			projectDirPath = "";
			projectRoot = "";
			targets = (
				FCC0B5BD2451C686002FFCF9 /* Instagrid */,
			);
		};
/* End PBXProject section */

/* Begin PBXResourcesBuildPhase section */
		FCC0B5BC2451C686002FFCF9 /* Resources */ = {
			isa = PBXResourcesBuildPhase;
			buildActionMask = 2147483647;
			files = (
				FC470AF7246BFD8F00F73B81 /* Images.xcassets in Resources */,
				FCC0B5CE2451C688002FFCF9 /* LaunchScreen.storyboard in Resources */,
				FC470AFB246C0AC900F73B81 /* ThirstySoftRegular.otf in Resources */,
				FC470AF9246C0AC000F73B81 /* Delm-Medium.otf in Resources */,
				FCC0B5C92451C686002FFCF9 /* Main.storyboard in Resources */,
			);
			runOnlyForDeploymentPostprocessing = 0;
		};
/* End PBXResourcesBuildPhase section */

/* Begin PBXSourcesBuildPhase section */
		FCC0B5BA2451C686002FFCF9 /* Sources */ = {
			isa = PBXSourcesBuildPhase;
			buildActionMask = 2147483647;
			files = (
				FC78893624AA277E000BA9D9 /* UIView+tranformeToImage.swift in Sources */,
				FCC0B5C62451C686002FFCF9 /* ViewController.swift in Sources */,
				FCC0B5C22451C686002FFCF9 /* AppDelegate.swift in Sources */,
				FCC0B5C42451C686002FFCF9 /* SceneDelegate.swift in Sources */,
			);
			runOnlyForDeploymentPostprocessing = 0;
		};
/* End PBXSourcesBuildPhase section */

/* Begin PBXVariantGroup section */
		FCC0B5C72451C686002FFCF9 /* Main.storyboard */ = {
			isa = PBXVariantGroup;
			children = (
				FCC0B5C82451C686002FFCF9 /* Base */,
			);
			name = Main.storyboard;
			sourceTree = "<group>";
		};
		FCC0B5CC2451C688002FFCF9 /* LaunchScreen.storyboard */ = {
			isa = PBXVariantGroup;
			children = (
				FCC0B5CD2451C688002FFCF9 /* Base */,
			);
			name = LaunchScreen.storyboard;
			sourceTree = "<group>";
		};
/* End PBXVariantGroup section */

/* Begin XCBuildConfiguration section */
		FCC0B5D02451C688002FFCF9 /* Debug */ = {
			isa = XCBuildConfiguration;
			buildSettings = {
				ALWAYS_SEARCH_USER_PATHS = NO;
				CLANG_ANALYZER_NONNULL = YES;
				CLANG_ANALYZER_NUMBER_OBJECT_CONVERSION = YES_AGGRESSIVE;
				CLANG_CXX_LANGUAGE_STANDARD = "gnu++14";
				CLANG_CXX_LIBRARY = "libc++";
				CLANG_ENABLE_MODULES = YES;
				CLANG_ENABLE_OBJC_ARC = YES;
				CLANG_ENABLE_OBJC_WEAK = YES;
				CLANG_WARN_BLOCK_CAPTURE_AUTORELEASING = YES;
				CLANG_WARN_BOOL_CONVERSION = YES;
				CLANG_WARN_COMMA = YES;
				CLANG_WARN_CONSTANT_CONVERSION = YES;
				CLANG_WARN_DEPRECATED_OBJC_IMPLEMENTATIONS = YES;
				CLANG_WARN_DIRECT_OBJC_ISA_USAGE = YES_ERROR;
				CLANG_WARN_DOCUMENTATION_COMMENTS = YES;
				CLANG_WARN_EMPTY_BODY = YES;
				CLANG_WARN_ENUM_CONVERSION = YES;
				CLANG_WARN_INFINITE_RECURSION = YES;
				CLANG_WARN_INT_CONVERSION = YES;
				CLANG_WARN_NON_LITERAL_NULL_CONVERSION = YES;
				CLANG_WARN_OBJC_IMPLICIT_RETAIN_SELF = YES;
				CLANG_WARN_OBJC_LITERAL_CONVERSION = YES;
				CLANG_WARN_OBJC_ROOT_CLASS = YES_ERROR;
				CLANG_WARN_RANGE_LOOP_ANALYSIS = YES;
				CLANG_WARN_STRICT_PROTOTYPES = YES;
				CLANG_WARN_SUSPICIOUS_MOVE = YES;
				CLANG_WARN_UNGUARDED_AVAILABILITY = YES_AGGRESSIVE;
				CLANG_WARN_UNREACHABLE_CODE = YES;
				CLANG_WARN__DUPLICATE_METHOD_MATCH = YES;
				COPY_PHASE_STRIP = NO;
				DEBUG_INFORMATION_FORMAT = dwarf;
				ENABLE_STRICT_OBJC_MSGSEND = YES;
				ENABLE_TESTABILITY = YES;
				GCC_C_LANGUAGE_STANDARD = gnu11;
				GCC_DYNAMIC_NO_PIC = NO;
				GCC_NO_COMMON_BLOCKS = YES;
				GCC_OPTIMIZATION_LEVEL = 0;
				GCC_PREPROCESSOR_DEFINITIONS = (
					"DEBUG=1",
					"$(inherited)",
				);
				GCC_WARN_64_TO_32_BIT_CONVERSION = YES;
				GCC_WARN_ABOUT_RETURN_TYPE = YES_ERROR;
				GCC_WARN_UNDECLARED_SELECTOR = YES;
				GCC_WARN_UNINITIALIZED_AUTOS = YES_AGGRESSIVE;
				GCC_WARN_UNUSED_FUNCTION = YES;
				GCC_WARN_UNUSED_VARIABLE = YES;
				IPHONEOS_DEPLOYMENT_TARGET = 11.0;
				MTL_ENABLE_DEBUG_INFO = INCLUDE_SOURCE;
				MTL_FAST_MATH = YES;
				ONLY_ACTIVE_ARCH = YES;
				SDKROOT = iphoneos;
				SWIFT_ACTIVE_COMPILATION_CONDITIONS = DEBUG;
				SWIFT_OPTIMIZATION_LEVEL = "-Onone";
			};
			name = Debug;
		};
		FCC0B5D12451C688002FFCF9 /* Release */ = {
			isa = XCBuildConfiguration;
			buildSettings = {
				ALWAYS_SEARCH_USER_PATHS = NO;
				CLANG_ANALYZER_NONNULL = YES;
				CLANG_ANALYZER_NUMBER_OBJECT_CONVERSION = YES_AGGRESSIVE;
				CLANG_CXX_LANGUAGE_STANDARD = "gnu++14";
				CLANG_CXX_LIBRARY = "libc++";
				CLANG_ENABLE_MODULES = YES;
				CLANG_ENABLE_OBJC_ARC = YES;
				CLANG_ENABLE_OBJC_WEAK = YES;
				CLANG_WARN_BLOCK_CAPTURE_AUTORELEASING = YES;
				CLANG_WARN_BOOL_CONVERSION = YES;
				CLANG_WARN_COMMA = YES;
				CLANG_WARN_CONSTANT_CONVERSION = YES;
				CLANG_WARN_DEPRECATED_OBJC_IMPLEMENTATIONS = YES;
				CLANG_WARN_DIRECT_OBJC_ISA_USAGE = YES_ERROR;
				CLANG_WARN_DOCUMENTATION_COMMENTS = YES;
				CLANG_WARN_EMPTY_BODY = YES;
				CLANG_WARN_ENUM_CONVERSION = YES;
				CLANG_WARN_INFINITE_RECURSION = YES;
				CLANG_WARN_INT_CONVERSION = YES;
				CLANG_WARN_NON_LITERAL_NULL_CONVERSION = YES;
				CLANG_WARN_OBJC_IMPLICIT_RETAIN_SELF = YES;
				CLANG_WARN_OBJC_LITERAL_CONVERSION = YES;
				CLANG_WARN_OBJC_ROOT_CLASS = YES_ERROR;
				CLANG_WARN_RANGE_LOOP_ANALYSIS = YES;
				CLANG_WARN_STRICT_PROTOTYPES = YES;
				CLANG_WARN_SUSPICIOUS_MOVE = YES;
				CLANG_WARN_UNGUARDED_AVAILABILITY = YES_AGGRESSIVE;
				CLANG_WARN_UNREACHABLE_CODE = YES;
				CLANG_WARN__DUPLICATE_METHOD_MATCH = YES;
				COPY_PHASE_STRIP = NO;
				DEBUG_INFORMATION_FORMAT = "dwarf-with-dsym";
				ENABLE_NS_ASSERTIONS = NO;
				ENABLE_STRICT_OBJC_MSGSEND = YES;
				GCC_C_LANGUAGE_STANDARD = gnu11;
				GCC_NO_COMMON_BLOCKS = YES;
				GCC_WARN_64_TO_32_BIT_CONVERSION = YES;
				GCC_WARN_ABOUT_RETURN_TYPE = YES_ERROR;
				GCC_WARN_UNDECLARED_SELECTOR = YES;
				GCC_WARN_UNINITIALIZED_AUTOS = YES_AGGRESSIVE;
				GCC_WARN_UNUSED_FUNCTION = YES;
				GCC_WARN_UNUSED_VARIABLE = YES;
				IPHONEOS_DEPLOYMENT_TARGET = 11.0;
				MTL_ENABLE_DEBUG_INFO = NO;
				MTL_FAST_MATH = YES;
				SDKROOT = iphoneos;
				SWIFT_COMPILATION_MODE = wholemodule;
				SWIFT_OPTIMIZATION_LEVEL = "-O";
				VALIDATE_PRODUCT = YES;
			};
			name = Release;
		};
		FCC0B5D32451C688002FFCF9 /* Debug */ = {
			isa = XCBuildConfiguration;
			buildSettings = {
				ASSETCATALOG_COMPILER_APPICON_NAME = AppIcon;
				CODE_SIGN_STYLE = Automatic;
				INFOPLIST_FILE = "$(SRCROOT)/Instagrid/Supporting files/Info.plist";
				IPHONEOS_DEPLOYMENT_TARGET = 11.0;
				LD_RUNPATH_SEARCH_PATHS = (
					"$(inherited)",
					"@executable_path/Frameworks",
				);
				PRODUCT_BUNDLE_IDENTIFIER = MarineBernard.com.Instagrid;
				PRODUCT_NAME = "$(TARGET_NAME)";
				SWIFT_VERSION = 5.0;
				TARGETED_DEVICE_FAMILY = 1;
			};
			name = Debug;
		};
		FCC0B5D42451C688002FFCF9 /* Release */ = {
			isa = XCBuildConfiguration;
			buildSettings = {
				ASSETCATALOG_COMPILER_APPICON_NAME = AppIcon;
				CODE_SIGN_STYLE = Automatic;
				INFOPLIST_FILE = "$(SRCROOT)/Instagrid/Supporting files/Info.plist";
				IPHONEOS_DEPLOYMENT_TARGET = 11.0;
				LD_RUNPATH_SEARCH_PATHS = (
					"$(inherited)",
					"@executable_path/Frameworks",
				);
				PRODUCT_BUNDLE_IDENTIFIER = MarineBernard.com.Instagrid;
				PRODUCT_NAME = "$(TARGET_NAME)";
				SWIFT_VERSION = 5.0;
				TARGETED_DEVICE_FAMILY = 1;
			};
			name = Release;
		};
/* End XCBuildConfiguration section */

/* Begin XCConfigurationList section */
		FCC0B5B92451C686002FFCF9 /* Build configuration list for PBXProject "Instagrid" */ = {
			isa = XCConfigurationList;
			buildConfigurations = (
				FCC0B5D02451C688002FFCF9 /* Debug */,
				FCC0B5D12451C688002FFCF9 /* Release */,
			);
			defaultConfigurationIsVisible = 0;
			defaultConfigurationName = Release;
		};
		FCC0B5D22451C688002FFCF9 /* Build configuration list for PBXNativeTarget "Instagrid" */ = {
			isa = XCConfigurationList;
			buildConfigurations = (
				FCC0B5D32451C688002FFCF9 /* Debug */,
				FCC0B5D42451C688002FFCF9 /* Release */,
			);
			defaultConfigurationIsVisible = 0;
			defaultConfigurationName = Release;
		};
/* End XCConfigurationList section */
	};
	rootObject = FCC0B5B62451C686002FFCF9 /* Project object */;
}
